
Microsoft Visual Studio Solution File, Format Version 12.00
# Visual Studio Version 16
VisualStudioVersion = 16.0.29215.179
MinimumVisualStudioVersion = 10.0.40219.1
Project("{FAE04EC0-301F-11D3-BF4B-00C04F79EFBC}") = "AussieFarmer", "AussieFarmer\AussieFarmer.csproj", "{8A2ECA05-95E1-4568-AA27-BD758CC8252D}"
EndProject
Global
	GlobalSection(SolutionConfigurationPlatforms) = preSolution
		Debug|Any CPU = Debug|Any CPU
		Release|Any CPU = Release|Any CPU
	EndGlobalSection
	GlobalSection(ProjectConfigurationPlatforms) = postSolution
		{8A2ECA05-95E1-4568-AA27-BD758CC8252D}.Debug|Any CPU.ActiveCfg = Debug|Any CPU
		{8A2ECA05-95E1-4568-AA27-BD758CC8252D}.Debug|Any CPU.Build.0 = Debug|Any CPU
		{8A2ECA05-95E1-4568-AA27-BD758CC8252D}.Release|Any CPU.ActiveCfg = Release|Any CPU
		{8A2ECA05-95E1-4568-AA27-BD758CC8252D}.Release|Any CPU.Build.0 = Release|Any CPU
	EndGlobalSection
	GlobalSection(SolutionProperties) = preSolution
		HideSolutionNode = FALSE
	EndGlobalSection
	GlobalSection(ExtensibilityGlobals) = postSolution
		SolutionGuid = {7C593872-0DE5-4780-A1EC-A166C71099A3}
	EndGlobalSection
EndGlobal
