
Microsoft Visual Studio Solution File, Format Version 12.00
# Visual Studio Version 16
VisualStudioVersion = 16.0.28803.156
MinimumVisualStudioVersion = 10.0.40219.1
Project("{9A19103F-16F7-4668-BE54-9A1E7A4F7556}") = "Match3Dogs", "Match3Dogs\Match3Dogs.csproj", "{99E0A873-C26D-4CE0-B185-BA44BBB1879F}"
EndProject
Global
	GlobalSection(SolutionConfigurationPlatforms) = preSolution
		Debug|Any CPU = Debug|Any CPU
		Release|Any CPU = Release|Any CPU
	EndGlobalSection
	GlobalSection(ProjectConfigurationPlatforms) = postSolution
		{99E0A873-C26D-4CE0-B185-BA44BBB1879F}.Debug|Any CPU.ActiveCfg = Debug|Any CPU
		{99E0A873-C26D-4CE0-B185-BA44BBB1879F}.Debug|Any CPU.Build.0 = Debug|Any CPU
		{99E0A873-C26D-4CE0-B185-BA44BBB1879F}.Release|Any CPU.ActiveCfg = Release|Any CPU
		{99E0A873-C26D-4CE0-B185-BA44BBB1879F}.Release|Any CPU.Build.0 = Release|Any CPU
	EndGlobalSection
	GlobalSection(SolutionProperties) = preSolution
		HideSolutionNode = FALSE
	EndGlobalSection
	GlobalSection(ExtensibilityGlobals) = postSolution
		SolutionGuid = {C417AC78-0548-4C86-A04C-B70721016D58}
	EndGlobalSection
EndGlobal
